
Microsoft Visual Studio Solution File, Format Version 12.00
# Visual Studio Version 17
VisualStudioVersion = 17.3.32804.467
MinimumVisualStudioVersion = 10.0.40219.1
Project("{9A19103F-16F7-4668-BE54-9A1E7A4F7556}") = "WebAppDETAug2022_", "WebAppDETAug2022_\WebAppDETAug2022_.csproj", "{711DCFEA-9F09-4D2B-A57F-0CDABB9C1F86}"
EndProject
Project("{9A19103F-16F7-4668-BE54-9A1E7A4F7556}") = "MVCDemo", "MVCDemo\MVCDemo.csproj", "{5581626E-2A1E-4724-AEC7-ACB18680D248}"
EndProject
Project("{9A19103F-16F7-4668-BE54-9A1E7A4F7556}") = "ContosoUniversity", "ContosoUniversity\ContosoUniversity.csproj", "{4076D3F8-14D0-4413-B942-6818A31FDA1E}"
EndProject
Project("{2150E333-8FDC-42A3-9474-1A3956D46DE8}") = "Solution Items", "Solution Items", "{802671FD-4ECF-4FB8-80B4-94190474617D}"
	ProjectSection(SolutionItems) = preProject
		.editorconfig = .editorconfig
	EndProjectSection
EndProject
Project("{FAE04EC0-301F-11D3-BF4B-00C04F79EFBC}") = "APIDemo", "APIDemo\APIDemo.csproj", "{B777D810-BC76-4FAB-9555-8874DBD66808}"
EndProject
Project("{FAE04EC0-301F-11D3-BF4B-00C04F79EFBC}") = "ConsoleAPIClient", "ConsoleAPIClient\ConsoleAPIClient.csproj", "{35380C97-18E8-43A0-AD1A-BF871FB82065}"
EndProject
Global
	GlobalSection(SolutionConfigurationPlatforms) = preSolution
		Debug|Any CPU = Debug|Any CPU
		Release|Any CPU = Release|Any CPU
	EndGlobalSection
	GlobalSection(ProjectConfigurationPlatforms) = postSolution
		{711DCFEA-9F09-4D2B-A57F-0CDABB9C1F86}.Debug|Any CPU.ActiveCfg = Debug|Any CPU
		{711DCFEA-9F09-4D2B-A57F-0CDABB9C1F86}.Debug|Any CPU.Build.0 = Debug|Any CPU
		{711DCFEA-9F09-4D2B-A57F-0CDABB9C1F86}.Release|Any CPU.ActiveCfg = Release|Any CPU
		{711DCFEA-9F09-4D2B-A57F-0CDABB9C1F86}.Release|Any CPU.Build.0 = Release|Any CPU
		{5581626E-2A1E-4724-AEC7-ACB18680D248}.Debug|Any CPU.ActiveCfg = Debug|Any CPU
		{5581626E-2A1E-4724-AEC7-ACB18680D248}.Debug|Any CPU.Build.0 = Debug|Any CPU
		{5581626E-2A1E-4724-AEC7-ACB18680D248}.Release|Any CPU.ActiveCfg = Release|Any CPU
		{5581626E-2A1E-4724-AEC7-ACB18680D248}.Release|Any CPU.Build.0 = Release|Any CPU
		{4076D3F8-14D0-4413-B942-6818A31FDA1E}.Debug|Any CPU.ActiveCfg = Debug|Any CPU
		{4076D3F8-14D0-4413-B942-6818A31FDA1E}.Debug|Any CPU.Build.0 = Debug|Any CPU
		{4076D3F8-14D0-4413-B942-6818A31FDA1E}.Release|Any CPU.ActiveCfg = Release|Any CPU
		{4076D3F8-14D0-4413-B942-6818A31FDA1E}.Release|Any CPU.Build.0 = Release|Any CPU
		{B777D810-BC76-4FAB-9555-8874DBD66808}.Debug|Any CPU.ActiveCfg = Debug|Any CPU
		{B777D810-BC76-4FAB-9555-8874DBD66808}.Debug|Any CPU.Build.0 = Debug|Any CPU
		{B777D810-BC76-4FAB-9555-8874DBD66808}.Release|Any CPU.ActiveCfg = Release|Any CPU
		{B777D810-BC76-4FAB-9555-8874DBD66808}.Release|Any CPU.Build.0 = Release|Any CPU
		{35380C97-18E8-43A0-AD1A-BF871FB82065}.Debug|Any CPU.ActiveCfg = Debug|Any CPU
		{35380C97-18E8-43A0-AD1A-BF871FB82065}.Debug|Any CPU.Build.0 = Debug|Any CPU
		{35380C97-18E8-43A0-AD1A-BF871FB82065}.Release|Any CPU.ActiveCfg = Release|Any CPU
		{35380C97-18E8-43A0-AD1A-BF871FB82065}.Release|Any CPU.Build.0 = Release|Any CPU
	EndGlobalSection
	GlobalSection(SolutionProperties) = preSolution
		HideSolutionNode = FALSE
	EndGlobalSection
	GlobalSection(ExtensibilityGlobals) = postSolution
		SolutionGuid = {90FD0EEE-71CC-4E1F-8E44-3C72BF3C4A7C}
	EndGlobalSection
EndGlobal
